// !$*UTF8*$!
{
	archiveVersion = 1;
	classes = {
	};
	objectVersion = 50;
	objects = {

/* Begin PBXBuildFile section */
		0B67658F2A92F6AE0C5BE5AD /* Pods_eureka_test.framework in Frameworks */ = {isa = PBXBuildFile; fileRef = D451C6825F2C0220E6C4BBEA /* Pods_eureka_test.framework */; };
		6B4E891420FD827A00971151 /* CustomCell.xib in Resources */ = {isa = PBXBuildFile; fileRef = 6B4E891220FD827A00971151 /* CustomCell.xib */; };
		6BBE1DB520FC788E0084490C /* AppDelegate.swift in Sources */ = {isa = PBXBuildFile; fileRef = 6BBE1DB420FC788E0084490C /* AppDelegate.swift */; };
		6BBE1DB720FC788E0084490C /* ViewController.swift in Sources */ = {isa = PBXBuildFile; fileRef = 6BBE1DB620FC788E0084490C /* ViewController.swift */; };
		6BBE1DBA20FC788E0084490C /* Main.storyboard in Resources */ = {isa = PBXBuildFile; fileRef = 6BBE1DB820FC788E0084490C /* Main.storyboard */; };
		6BBE1DBC20FC78940084490C /* Assets.xcassets in Resources */ = {isa = PBXBuildFile; fileRef = 6BBE1DBB20FC78940084490C /* Assets.xcassets */; };
		6BBE1DBF20FC78940084490C /* LaunchScreen.storyboard in Resources */ = {isa = PBXBuildFile; fileRef = 6BBE1DBD20FC78940084490C /* LaunchScreen.storyboard */; };
		6BBE1DD720FC81420084490C /* SwipeActionsController.swift in Sources */ = {isa = PBXBuildFile; fileRef = 6BBE1DC820FC81410084490C /* SwipeActionsController.swift */; };
		6BBE1DD820FC81420084490C /* DisabledRowsExample.swift in Sources */ = {isa = PBXBuildFile; fileRef = 6BBE1DC920FC81410084490C /* DisabledRowsExample.swift */; };
		6BBE1DD920FC81420084490C /* InlineRowsExample.swift in Sources */ = {isa = PBXBuildFile; fileRef = 6BBE1DCA20FC81410084490C /* InlineRowsExample.swift */; };
		6BBE1DDA20FC81420084490C /* CustomCellsViewController.swift in Sources */ = {isa = PBXBuildFile; fileRef = 6BBE1DCB20FC81410084490C /* CustomCellsViewController.swift */; };
		6BBE1DDB20FC81420084490C /* HiddenRowsExample.swift in Sources */ = {isa = PBXBuildFile; fileRef = 6BBE1DCC20FC81410084490C /* HiddenRowsExample.swift */; };
		6BBE1DDC20FC81420084490C /* MultivaluedExamples.swift in Sources */ = {isa = PBXBuildFile; fileRef = 6BBE1DCD20FC81420084490C /* MultivaluedExamples.swift */; };
		6BBE1DDD20FC81420084490C /* NativeEventExample.swift in Sources */ = {isa = PBXBuildFile; fileRef = 6BBE1DCE20FC81420084490C /* NativeEventExample.swift */; };
		6BBE1DDE20FC81420084490C /* FormatterExample.swift in Sources */ = {isa = PBXBuildFile; fileRef = 6BBE1DCF20FC81420084490C /* FormatterExample.swift */; };
		6BBE1DDF20FC81420084490C /* FieldRowCustomizationController.swift in Sources */ = {isa = PBXBuildFile; fileRef = 6BBE1DD020FC81420084490C /* FieldRowCustomizationController.swift */; };
		6BBE1DE020FC81420084490C /* ValidationsController.swift in Sources */ = {isa = PBXBuildFile; fileRef = 6BBE1DD120FC81420084490C /* ValidationsController.swift */; };
		6BBE1DE120FC81420084490C /* ListSectionsController.swift in Sources */ = {isa = PBXBuildFile; fileRef = 6BBE1DD220FC81420084490C /* ListSectionsController.swift */; };
		6BBE1DE220FC81420084490C /* PlainTableViewExample.swift in Sources */ = {isa = PBXBuildFile; fileRef = 6BBE1DD320FC81420084490C /* PlainTableViewExample.swift */; };
		6BBE1DE320FC81420084490C /* RowsExample.swift in Sources */ = {isa = PBXBuildFile; fileRef = 6BBE1DD420FC81420084490C /* RowsExample.swift */; };
		6BBE1DE420FC81420084490C /* CustomDesignController.swift in Sources */ = {isa = PBXBuildFile; fileRef = 6BBE1DD520FC81420084490C /* CustomDesignController.swift */; };
		6BBE1DE520FC81420084490C /* NavigationAccessoryController.swift in Sources */ = {isa = PBXBuildFile; fileRef = 6BBE1DD620FC81420084490C /* NavigationAccessoryController.swift */; };
		6BBE1DEA20FC81F40084490C /* TextCell.xib in Resources */ = {isa = PBXBuildFile; fileRef = 6BBE1DE720FC81F40084490C /* TextCell.xib */; };
		6BBE1DEB20FC81F40084490C /* SwitchCell.xib in Resources */ = {isa = PBXBuildFile; fileRef = 6BBE1DE820FC81F40084490C /* SwitchCell.xib */; };
		6BBE1DEC20FC81F40084490C /* DatePickerCell.xib in Resources */ = {isa = PBXBuildFile; fileRef = 6BBE1DE920FC81F40084490C /* DatePickerCell.xib */; };
		6BBE1DF220FC82EF0084490C /* MapKit.framework in Frameworks */ = {isa = PBXBuildFile; fileRef = 6BBE1DF120FC82EF0084490C /* MapKit.framework */; };
		6BBE1DF720FC841E0084490C /* ImageRow.swift in Sources */ = {isa = PBXBuildFile; fileRef = 6BBE1DF520FC841E0084490C /* ImageRow.swift */; };
		6BBE1DF820FC841E0084490C /* ImagePickerController.swift in Sources */ = {isa = PBXBuildFile; fileRef = 6BBE1DF620FC841E0084490C /* ImagePickerController.swift */; };
		6BBE1E0220FC84D90084490C /* WeekDaysCell.xib in Resources */ = {isa = PBXBuildFile; fileRef = 6BBE1E0020FC84D90084490C /* WeekDaysCell.xib */; };
		6BBE1E0320FC84D90084490C /* EmojiCell.xib in Resources */ = {isa = PBXBuildFile; fileRef = 6BBE1E0120FC84D90084490C /* EmojiCell.xib */; };
		6BBE1E0520FC85040084490C /* EurekaSectionHeader.xib in Resources */ = {isa = PBXBuildFile; fileRef = 6BBE1E0420FC85040084490C /* EurekaSectionHeader.xib */; };
		6BBE1E0720FC85230084490C /* CustomCells.swift in Sources */ = {isa = PBXBuildFile; fileRef = 6BBE1E0620FC85230084490C /* CustomCells.swift */; };
		6BBE1E0920FC857E0084490C /* FloatLabelTextField.swift in Sources */ = {isa = PBXBuildFile; fileRef = 6BBE1E0820FC857E0084490C /* FloatLabelTextField.swift */; };
		6BBE1E0B20FC8D200084490C /* MyFormViewController.swift in Sources */ = {isa = PBXBuildFile; fileRef = 6BBE1E0A20FC8D200084490C /* MyFormViewController.swift */; };
/* End PBXBuildFile section */

/* Begin PBXFileReference section */
		6B4E891220FD827A00971151 /* CustomCell.xib */ = {isa = PBXFileReference; lastKnownFileType = file.xib; path = CustomCell.xib; sourceTree = "<group>"; };
		6BBE1DB120FC788E0084490C /* eureka_test.app */ = {isa = PBXFileReference; explicitFileType = wrapper.application; includeInIndex = 0; path = eureka_test.app; sourceTree = BUILT_PRODUCTS_DIR; };
		6BBE1DB420FC788E0084490C /* AppDelegate.swift */ = {isa = PBXFileReference; lastKnownFileType = sourcecode.swift; path = AppDelegate.swift; sourceTree = "<group>"; };
		6BBE1DB620FC788E0084490C /* ViewController.swift */ = {isa = PBXFileReference; lastKnownFileType = sourcecode.swift; path = ViewController.swift; sourceTree = "<group>"; };
		6BBE1DB920FC788E0084490C /* Base */ = {isa = PBXFileReference; lastKnownFileType = file.storyboard; name = Base; path = Base.lproj/Main.storyboard; sourceTree = "<group>"; };
		6BBE1DBB20FC78940084490C /* Assets.xcassets */ = {isa = PBXFileReference; lastKnownFileType = folder.assetcatalog; path = Assets.xcassets; sourceTree = "<group>"; };
		6BBE1DBE20FC78940084490C /* Base */ = {isa = PBXFileReference; lastKnownFileType = file.storyboard; name = Base; path = Base.lproj/LaunchScreen.storyboard; sourceTree = "<group>"; };
		6BBE1DC020FC78940084490C /* Info.plist */ = {isa = PBXFileReference; lastKnownFileType = text.plist.xml; path = Info.plist; sourceTree = "<group>"; };
		6BBE1DC820FC81410084490C /* SwipeActionsController.swift */ = {isa = PBXFileReference; fileEncoding = 4; lastKnownFileType = sourcecode.swift; path = SwipeActionsController.swift; sourceTree = "<group>"; };
		6BBE1DC920FC81410084490C /* DisabledRowsExample.swift */ = {isa = PBXFileReference; fileEncoding = 4; lastKnownFileType = sourcecode.swift; path = DisabledRowsExample.swift; sourceTree = "<group>"; };
		6BBE1DCA20FC81410084490C /* InlineRowsExample.swift */ = {isa = PBXFileReference; fileEncoding = 4; lastKnownFileType = sourcecode.swift; path = InlineRowsExample.swift; sourceTree = "<group>"; };
		6BBE1DCB20FC81410084490C /* CustomCellsViewController.swift */ = {isa = PBXFileReference; fileEncoding = 4; lastKnownFileType = sourcecode.swift; path = CustomCellsViewController.swift; sourceTree = "<group>"; };
		6BBE1DCC20FC81410084490C /* HiddenRowsExample.swift */ = {isa = PBXFileReference; fileEncoding = 4; lastKnownFileType = sourcecode.swift; path = HiddenRowsExample.swift; sourceTree = "<group>"; };
		6BBE1DCD20FC81420084490C /* MultivaluedExamples.swift */ = {isa = PBXFileReference; fileEncoding = 4; lastKnownFileType = sourcecode.swift; path = MultivaluedExamples.swift; sourceTree = "<group>"; };
		6BBE1DCE20FC81420084490C /* NativeEventExample.swift */ = {isa = PBXFileReference; fileEncoding = 4; lastKnownFileType = sourcecode.swift; path = NativeEventExample.swift; sourceTree = "<group>"; };
		6BBE1DCF20FC81420084490C /* FormatterExample.swift */ = {isa = PBXFileReference; fileEncoding = 4; lastKnownFileType = sourcecode.swift; path = FormatterExample.swift; sourceTree = "<group>"; };
		6BBE1DD020FC81420084490C /* FieldRowCustomizationController.swift */ = {isa = PBXFileReference; fileEncoding = 4; lastKnownFileType = sourcecode.swift; path = FieldRowCustomizationController.swift; sourceTree = "<group>"; };
		6BBE1DD120FC81420084490C /* ValidationsController.swift */ = {isa = PBXFileReference; fileEncoding = 4; lastKnownFileType = sourcecode.swift; path = ValidationsController.swift; sourceTree = "<group>"; };
		6BBE1DD220FC81420084490C /* ListSectionsController.swift */ = {isa = PBXFileReference; fileEncoding = 4; lastKnownFileType = sourcecode.swift; path = ListSectionsController.swift; sourceTree = "<group>"; };
		6BBE1DD320FC81420084490C /* PlainTableViewExample.swift */ = {isa = PBXFileReference; fileEncoding = 4; lastKnownFileType = sourcecode.swift; path = PlainTableViewExample.swift; sourceTree = "<group>"; };
		6BBE1DD420FC81420084490C /* RowsExample.swift */ = {isa = PBXFileReference; fileEncoding = 4; lastKnownFileType = sourcecode.swift; path = RowsExample.swift; sourceTree = "<group>"; };
		6BBE1DD520FC81420084490C /* CustomDesignController.swift */ = {isa = PBXFileReference; fileEncoding = 4; lastKnownFileType = sourcecode.swift; path = CustomDesignController.swift; sourceTree = "<group>"; };
		6BBE1DD620FC81420084490C /* NavigationAccessoryController.swift */ = {isa = PBXFileReference; fileEncoding = 4; lastKnownFileType = sourcecode.swift; path = NavigationAccessoryController.swift; sourceTree = "<group>"; };
		6BBE1DE720FC81F40084490C /* TextCell.xib */ = {isa = PBXFileReference; fileEncoding = 4; lastKnownFileType = file.xib; path = TextCell.xib; sourceTree = "<group>"; };
		6BBE1DE820FC81F40084490C /* SwitchCell.xib */ = {isa = PBXFileReference; fileEncoding = 4; lastKnownFileType = file.xib; path = SwitchCell.xib; sourceTree = "<group>"; };
		6BBE1DE920FC81F40084490C /* DatePickerCell.xib */ = {isa = PBXFileReference; fileEncoding = 4; lastKnownFileType = file.xib; path = DatePickerCell.xib; sourceTree = "<group>"; };
		6BBE1DF120FC82EF0084490C /* MapKit.framework */ = {isa = PBXFileReference; lastKnownFileType = wrapper.framework; name = MapKit.framework; path = System/Library/Frameworks/MapKit.framework; sourceTree = SDKROOT; };
		6BBE1DF520FC841E0084490C /* ImageRow.swift */ = {isa = PBXFileReference; fileEncoding = 4; lastKnownFileType = sourcecode.swift; path = ImageRow.swift; sourceTree = "<group>"; };
		6BBE1DF620FC841E0084490C /* ImagePickerController.swift */ = {isa = PBXFileReference; fileEncoding = 4; lastKnownFileType = sourcecode.swift; path = ImagePickerController.swift; sourceTree = "<group>"; };
		6BBE1E0020FC84D90084490C /* WeekDaysCell.xib */ = {isa = PBXFileReference; fileEncoding = 4; lastKnownFileType = file.xib; path = WeekDaysCell.xib; sourceTree = "<group>"; };
		6BBE1E0120FC84D90084490C /* EmojiCell.xib */ = {isa = PBXFileReference; fileEncoding = 4; lastKnownFileType = file.xib; path = EmojiCell.xib; sourceTree = "<group>"; };
		6BBE1E0420FC85040084490C /* EurekaSectionHeader.xib */ = {isa = PBXFileReference; fileEncoding = 4; lastKnownFileType = file.xib; path = EurekaSectionHeader.xib; sourceTree = "<group>"; };
		6BBE1E0620FC85230084490C /* CustomCells.swift */ = {isa = PBXFileReference; fileEncoding = 4; lastKnownFileType = sourcecode.swift; path = CustomCells.swift; sourceTree = "<group>"; };
		6BBE1E0820FC857E0084490C /* FloatLabelTextField.swift */ = {isa = PBXFileReference; fileEncoding = 4; lastKnownFileType = sourcecode.swift; path = FloatLabelTextField.swift; sourceTree = "<group>"; };
		6BBE1E0A20FC8D200084490C /* MyFormViewController.swift */ = {isa = PBXFileReference; lastKnownFileType = sourcecode.swift; path = MyFormViewController.swift; sourceTree = "<group>"; };
		7D8A6B1B8A677AF5A4F30420 /* Pods-eureka_test.debug.xcconfig */ = {isa = PBXFileReference; includeInIndex = 1; lastKnownFileType = text.xcconfig; name = "Pods-eureka_test.debug.xcconfig"; path = "Pods/Target Support Files/Pods-eureka_test/Pods-eureka_test.debug.xcconfig"; sourceTree = "<group>"; };
		D451C6825F2C0220E6C4BBEA /* Pods_eureka_test.framework */ = {isa = PBXFileReference; explicitFileType = wrapper.framework; includeInIndex = 0; path = Pods_eureka_test.framework; sourceTree = BUILT_PRODUCTS_DIR; };
		D9F9C3FA94E3E7FE3D6F24F7 /* Pods-eureka_test.release.xcconfig */ = {isa = PBXFileReference; includeInIndex = 1; lastKnownFileType = text.xcconfig; name = "Pods-eureka_test.release.xcconfig"; path = "Pods/Target Support Files/Pods-eureka_test/Pods-eureka_test.release.xcconfig"; sourceTree = "<group>"; };
/* End PBXFileReference section */

/* Begin PBXFrameworksBuildPhase section */
		6BBE1DAE20FC788E0084490C /* Frameworks */ = {
			isa = PBXFrameworksBuildPhase;
			buildActionMask = 2147483647;
			files = (
				6BBE1DF220FC82EF0084490C /* MapKit.framework in Frameworks */,
				0B67658F2A92F6AE0C5BE5AD /* Pods_eureka_test.framework in Frameworks */,
			);
			runOnlyForDeploymentPostprocessing = 0;
		};
/* End PBXFrameworksBuildPhase section */

/* Begin PBXGroup section */
		6BBE1DA820FC788E0084490C = {
			isa = PBXGroup;
			children = (
				6BBE1DB320FC788E0084490C /* eureka_test */,
				6BBE1DB220FC788E0084490C /* Products */,
				839B2F6D79C3BA7950770F30 /* Pods */,
				F61C26A663E778CBBB2BD10B /* Frameworks */,
			);
			sourceTree = "<group>";
		};
		6BBE1DB220FC788E0084490C /* Products */ = {
			isa = PBXGroup;
			children = (
				6BBE1DB120FC788E0084490C /* eureka_test.app */,
			);
			name = Products;
			sourceTree = "<group>";
		};
		6BBE1DB320FC788E0084490C /* eureka_test */ = {
			isa = PBXGroup;
			children = (
				6BBE1DC720FC80FD0084490C /* Controllers */,
				6BBE1DE620FC81B00084490C /* Custom Design */,
				6BBE1DED20FC82410084490C /* Custom Section Header */,
				6BBE1DF320FC83BB0084490C /* Custom Row and Cell */,
				6BBE1DB420FC788E0084490C /* AppDelegate.swift */,
				6BBE1DB620FC788E0084490C /* ViewController.swift */,
				6BBE1E0A20FC8D200084490C /* MyFormViewController.swift */,
				6BBE1DB820FC788E0084490C /* Main.storyboard */,
				6BBE1DBB20FC78940084490C /* Assets.xcassets */,
				6BBE1DBD20FC78940084490C /* LaunchScreen.storyboard */,
				6BBE1DC020FC78940084490C /* Info.plist */,
			);
			path = eureka_test;
			sourceTree = "<group>";
		};
		6BBE1DC720FC80FD0084490C /* Controllers */ = {
			isa = PBXGroup;
			children = (
				6BBE1DCB20FC81410084490C /* CustomCellsViewController.swift */,
				6BBE1DD520FC81420084490C /* CustomDesignController.swift */,
				6BBE1DC920FC81410084490C /* DisabledRowsExample.swift */,
				6BBE1DD020FC81420084490C /* FieldRowCustomizationController.swift */,
				6BBE1DCF20FC81420084490C /* FormatterExample.swift */,
				6BBE1DCC20FC81410084490C /* HiddenRowsExample.swift */,
				6BBE1DCA20FC81410084490C /* InlineRowsExample.swift */,
				6BBE1DD220FC81420084490C /* ListSectionsController.swift */,
				6BBE1DCD20FC81420084490C /* MultivaluedExamples.swift */,
				6BBE1DCE20FC81420084490C /* NativeEventExample.swift */,
				6BBE1DD620FC81420084490C /* NavigationAccessoryController.swift */,
				6BBE1DD320FC81420084490C /* PlainTableViewExample.swift */,
				6BBE1DD420FC81420084490C /* RowsExample.swift */,
				6BBE1DC820FC81410084490C /* SwipeActionsController.swift */,
				6BBE1DD120FC81420084490C /* ValidationsController.swift */,
			);
			path = Controllers;
			sourceTree = "<group>";
		};
		6BBE1DE620FC81B00084490C /* Custom Design */ = {
			isa = PBXGroup;
			children = (
				6BBE1DE920FC81F40084490C /* DatePickerCell.xib */,
				6BBE1DE820FC81F40084490C /* SwitchCell.xib */,
				6BBE1DE720FC81F40084490C /* TextCell.xib */,
			);
			path = "Custom Design";
			sourceTree = "<group>";
		};
		6BBE1DED20FC82410084490C /* Custom Section Header */ = {
			isa = PBXGroup;
			children = (
				6BBE1E0420FC85040084490C /* EurekaSectionHeader.xib */,
			);
			path = "Custom Section Header";
			sourceTree = "<group>";
		};
		6BBE1DF320FC83BB0084490C /* Custom Row and Cell */ = {
			isa = PBXGroup;
			children = (
				6BBE1DF420FC83F60084490C /* Image Row */,
				6BBE1DF920FC84330084490C /* Helpers */,
				6BBE1E0020FC84D90084490C /* WeekDaysCell.xib */,
				6BBE1E0120FC84D90084490C /* EmojiCell.xib */,
				6B4E891220FD827A00971151 /* CustomCell.xib */,
				6BBE1E0620FC85230084490C /* CustomCells.swift */,
			);
			path = "Custom Row and Cell";
			sourceTree = "<group>";
		};
		6BBE1DF420FC83F60084490C /* Image Row */ = {
			isa = PBXGroup;
			children = (
				6BBE1DF620FC841E0084490C /* ImagePickerController.swift */,
				6BBE1DF520FC841E0084490C /* ImageRow.swift */,
			);
			path = "Image Row";
			sourceTree = "<group>";
		};
		6BBE1DF920FC84330084490C /* Helpers */ = {
			isa = PBXGroup;
			children = (
				6BBE1E0820FC857E0084490C /* FloatLabelTextField.swift */,
			);
			path = Helpers;
			sourceTree = "<group>";
		};
		839B2F6D79C3BA7950770F30 /* Pods */ = {
			isa = PBXGroup;
			children = (
				7D8A6B1B8A677AF5A4F30420 /* Pods-eureka_test.debug.xcconfig */,
				D9F9C3FA94E3E7FE3D6F24F7 /* Pods-eureka_test.release.xcconfig */,
			);
			name = Pods;
			sourceTree = "<group>";
		};
		F61C26A663E778CBBB2BD10B /* Frameworks */ = {
			isa = PBXGroup;
			children = (
				6BBE1DF120FC82EF0084490C /* MapKit.framework */,
				D451C6825F2C0220E6C4BBEA /* Pods_eureka_test.framework */,
			);
			name = Frameworks;
			sourceTree = "<group>";
		};
/* End PBXGroup section */

/* Begin PBXNativeTarget section */
		6BBE1DB020FC788E0084490C /* eureka_test */ = {
			isa = PBXNativeTarget;
			buildConfigurationList = 6BBE1DC320FC78940084490C /* Build configuration list for PBXNativeTarget "eureka_test" */;
			buildPhases = (
				D5C90643A85F2EA43C07A50D /* [CP] Check Pods Manifest.lock */,
				6BBE1DAD20FC788E0084490C /* Sources */,
				6BBE1DAE20FC788E0084490C /* Frameworks */,
				6BBE1DAF20FC788E0084490C /* Resources */,
				5634EB6C3F6B64B1F7B7984E /* [CP] Embed Pods Frameworks */,
			);
			buildRules = (
			);
			dependencies = (
			);
			name = eureka_test;
			productName = eureka_test;
			productReference = 6BBE1DB120FC788E0084490C /* eureka_test.app */;
			productType = "com.apple.product-type.application";
		};
/* End PBXNativeTarget section */

/* Begin PBXProject section */
		6BBE1DA920FC788E0084490C /* Project object */ = {
			isa = PBXProject;
			attributes = {
				LastSwiftUpdateCheck = 0940;
				LastUpgradeCheck = 0940;
				ORGANIZATIONNAME = "Dang Quoc Huy";
				TargetAttributes = {
					6BBE1DB020FC788E0084490C = {
						CreatedOnToolsVersion = 9.4.1;
					};
				};
			};
			buildConfigurationList = 6BBE1DAC20FC788E0084490C /* Build configuration list for PBXProject "eureka_test" */;
			compatibilityVersion = "Xcode 9.3";
			developmentRegion = en;
			hasScannedForEncodings = 0;
			knownRegions = (
				en,
				Base,
			);
			mainGroup = 6BBE1DA820FC788E0084490C;
			productRefGroup = 6BBE1DB220FC788E0084490C /* Products */;
			projectDirPath = "";
			projectRoot = "";
			targets = (
				6BBE1DB020FC788E0084490C /* eureka_test */,
			);
		};
/* End PBXProject section */

/* Begin PBXResourcesBuildPhase section */
		6BBE1DAF20FC788E0084490C /* Resources */ = {
			isa = PBXResourcesBuildPhase;
			buildActionMask = 2147483647;
			files = (
				6B4E891420FD827A00971151 /* CustomCell.xib in Resources */,
				6BBE1DBF20FC78940084490C /* LaunchScreen.storyboard in Resources */,
				6BBE1DBC20FC78940084490C /* Assets.xcassets in Resources */,
				6BBE1DEA20FC81F40084490C /* TextCell.xib in Resources */,
				6BBE1E0520FC85040084490C /* EurekaSectionHeader.xib in Resources */,
				6BBE1DEC20FC81F40084490C /* DatePickerCell.xib in Resources */,
				6BBE1DBA20FC788E0084490C /* Main.storyboard in Resources */,
				6BBE1DEB20FC81F40084490C /* SwitchCell.xib in Resources */,
				6BBE1E0220FC84D90084490C /* WeekDaysCell.xib in Resources */,
				6BBE1E0320FC84D90084490C /* EmojiCell.xib in Resources */,
			);
			runOnlyForDeploymentPostprocessing = 0;
		};
/* End PBXResourcesBuildPhase section */

/* Begin PBXShellScriptBuildPhase section */
		5634EB6C3F6B64B1F7B7984E /* [CP] Embed Pods Frameworks */ = {
			isa = PBXShellScriptBuildPhase;
			buildActionMask = 2147483647;
			files = (
			);
			inputPaths = (
				"${SRCROOT}/Pods/Target Support Files/Pods-eureka_test/Pods-eureka_test-frameworks.sh",
				"${BUILT_PRODUCTS_DIR}/Eureka/Eureka.framework",
			);
			name = "[CP] Embed Pods Frameworks";
			outputPaths = (
				"${TARGET_BUILD_DIR}/${FRAMEWORKS_FOLDER_PATH}/Eureka.framework",
			);
			runOnlyForDeploymentPostprocessing = 0;
			shellPath = /bin/sh;
			shellScript = "\"${SRCROOT}/Pods/Target Support Files/Pods-eureka_test/Pods-eureka_test-frameworks.sh\"\n";
			showEnvVarsInLog = 0;
		};
		D5C90643A85F2EA43C07A50D /* [CP] Check Pods Manifest.lock */ = {
			isa = PBXShellScriptBuildPhase;
			buildActionMask = 2147483647;
			files = (
			);
			inputPaths = (
				"${PODS_PODFILE_DIR_PATH}/Podfile.lock",
				"${PODS_ROOT}/Manifest.lock",
			);
			name = "[CP] Check Pods Manifest.lock";
			outputPaths = (
				"$(DERIVED_FILE_DIR)/Pods-eureka_test-checkManifestLockResult.txt",
			);
			runOnlyForDeploymentPostprocessing = 0;
			shellPath = /bin/sh;
			shellScript = "diff \"${PODS_PODFILE_DIR_PATH}/Podfile.lock\" \"${PODS_ROOT}/Manifest.lock\" > /dev/null\nif [ $? != 0 ] ; then\n    # print error to STDERR\n    echo \"error: The sandbox is not in sync with the Podfile.lock. Run 'pod install' or update your CocoaPods installation.\" >&2\n    exit 1\nfi\n# This output is used by Xcode 'outputs' to avoid re-running this script phase.\necho \"SUCCESS\" > \"${SCRIPT_OUTPUT_FILE_0}\"\n";
			showEnvVarsInLog = 0;
		};
/* End PBXShellScriptBuildPhase section */

/* Begin PBXSourcesBuildPhase section */
		6BBE1DAD20FC788E0084490C /* Sources */ = {
			isa = PBXSourcesBuildPhase;
			buildActionMask = 2147483647;
			files = (
				6BBE1E0920FC857E0084490C /* FloatLabelTextField.swift in Sources */,
				6BBE1DE420FC81420084490C /* CustomDesignController.swift in Sources */,
				6BBE1DE020FC81420084490C /* ValidationsController.swift in Sources */,
				6BBE1E0720FC85230084490C /* CustomCells.swift in Sources */,
				6BBE1DDF20FC81420084490C /* FieldRowCustomizationController.swift in Sources */,
				6BBE1DB720FC788E0084490C /* ViewController.swift in Sources */,
				6BBE1DDE20FC81420084490C /* FormatterExample.swift in Sources */,
				6BBE1DDB20FC81420084490C /* HiddenRowsExample.swift in Sources */,
				6BBE1DB520FC788E0084490C /* AppDelegate.swift in Sources */,
				6BBE1DD720FC81420084490C /* SwipeActionsController.swift in Sources */,
				6BBE1E0B20FC8D200084490C /* MyFormViewController.swift in Sources */,
				6BBE1DE520FC81420084490C /* NavigationAccessoryController.swift in Sources */,
				6BBE1DE220FC81420084490C /* PlainTableViewExample.swift in Sources */,
				6BBE1DF820FC841E0084490C /* ImagePickerController.swift in Sources */,
				6BBE1DD820FC81420084490C /* DisabledRowsExample.swift in Sources */,
				6BBE1DD920FC81420084490C /* InlineRowsExample.swift in Sources */,
				6BBE1DE120FC81420084490C /* ListSectionsController.swift in Sources */,
				6BBE1DDD20FC81420084490C /* NativeEventExample.swift in Sources */,
				6BBE1DF720FC841E0084490C /* ImageRow.swift in Sources */,
				6BBE1DDA20FC81420084490C /* CustomCellsViewController.swift in Sources */,
				6BBE1DE320FC81420084490C /* RowsExample.swift in Sources */,
				6BBE1DDC20FC81420084490C /* MultivaluedExamples.swift in Sources */,
			);
			runOnlyForDeploymentPostprocessing = 0;
		};
/* End PBXSourcesBuildPhase section */

/* Begin PBXVariantGroup section */
		6BBE1DB820FC788E0084490C /* Main.storyboard */ = {
			isa = PBXVariantGroup;
			children = (
				6BBE1DB920FC788E0084490C /* Base */,
			);
			name = Main.storyboard;
			sourceTree = "<group>";
		};
		6BBE1DBD20FC78940084490C /* LaunchScreen.storyboard */ = {
			isa = PBXVariantGroup;
			children = (
				6BBE1DBE20FC78940084490C /* Base */,
			);
			name = LaunchScreen.storyboard;
			sourceTree = "<group>";
		};
/* End PBXVariantGroup section */

/* Begin XCBuildConfiguration section */
		6BBE1DC120FC78940084490C /* Debug */ = {
			isa = XCBuildConfiguration;
			buildSettings = {
				ALWAYS_SEARCH_USER_PATHS = NO;
				CLANG_ANALYZER_NONNULL = YES;
				CLANG_ANALYZER_NUMBER_OBJECT_CONVERSION = YES_AGGRESSIVE;
				CLANG_CXX_LANGUAGE_STANDARD = "gnu++14";
				CLANG_CXX_LIBRARY = "libc++";
				CLANG_ENABLE_MODULES = YES;
				CLANG_ENABLE_OBJC_ARC = YES;
				CLANG_ENABLE_OBJC_WEAK = YES;
				CLANG_WARN_BLOCK_CAPTURE_AUTORELEASING = YES;
				CLANG_WARN_BOOL_CONVERSION = YES;
				CLANG_WARN_COMMA = YES;
				CLANG_WARN_CONSTANT_CONVERSION = YES;
				CLANG_WARN_DEPRECATED_OBJC_IMPLEMENTATIONS = YES;
				CLANG_WARN_DIRECT_OBJC_ISA_USAGE = YES_ERROR;
				CLANG_WARN_DOCUMENTATION_COMMENTS = YES;
				CLANG_WARN_EMPTY_BODY = YES;
				CLANG_WARN_ENUM_CONVERSION = YES;
				CLANG_WARN_INFINITE_RECURSION = YES;
				CLANG_WARN_INT_CONVERSION = YES;
				CLANG_WARN_NON_LITERAL_NULL_CONVERSION = YES;
				CLANG_WARN_OBJC_IMPLICIT_RETAIN_SELF = YES;
				CLANG_WARN_OBJC_LITERAL_CONVERSION = YES;
				CLANG_WARN_OBJC_ROOT_CLASS = YES_ERROR;
				CLANG_WARN_RANGE_LOOP_ANALYSIS = YES;
				CLANG_WARN_STRICT_PROTOTYPES = YES;
				CLANG_WARN_SUSPICIOUS_MOVE = YES;
				CLANG_WARN_UNGUARDED_AVAILABILITY = YES_AGGRESSIVE;
				CLANG_WARN_UNREACHABLE_CODE = YES;
				CLANG_WARN__DUPLICATE_METHOD_MATCH = YES;
				CODE_SIGN_IDENTITY = "iPhone Developer";
				COPY_PHASE_STRIP = NO;
				DEBUG_INFORMATION_FORMAT = dwarf;
				ENABLE_STRICT_OBJC_MSGSEND = YES;
				ENABLE_TESTABILITY = YES;
				GCC_C_LANGUAGE_STANDARD = gnu11;
				GCC_DYNAMIC_NO_PIC = NO;
				GCC_NO_COMMON_BLOCKS = YES;
				GCC_OPTIMIZATION_LEVEL = 0;
				GCC_PREPROCESSOR_DEFINITIONS = (
					"DEBUG=1",
					"$(inherited)",
				);
				GCC_WARN_64_TO_32_BIT_CONVERSION = YES;
				GCC_WARN_ABOUT_RETURN_TYPE = YES_ERROR;
				GCC_WARN_UNDECLARED_SELECTOR = YES;
				GCC_WARN_UNINITIALIZED_AUTOS = YES_AGGRESSIVE;
				GCC_WARN_UNUSED_FUNCTION = YES;
				GCC_WARN_UNUSED_VARIABLE = YES;
				IPHONEOS_DEPLOYMENT_TARGET = 11.4;
				MTL_ENABLE_DEBUG_INFO = YES;
				ONLY_ACTIVE_ARCH = YES;
				SDKROOT = iphoneos;
				SWIFT_ACTIVE_COMPILATION_CONDITIONS = DEBUG;
				SWIFT_OPTIMIZATION_LEVEL = "-Onone";
			};
			name = Debug;
		};
		6BBE1DC220FC78940084490C /* Release */ = {
			isa = XCBuildConfiguration;
			buildSettings = {
				ALWAYS_SEARCH_USER_PATHS = NO;
				CLANG_ANALYZER_NONNULL = YES;
				CLANG_ANALYZER_NUMBER_OBJECT_CONVERSION = YES_AGGRESSIVE;
				CLANG_CXX_LANGUAGE_STANDARD = "gnu++14";
				CLANG_CXX_LIBRARY = "libc++";
				CLANG_ENABLE_MODULES = YES;
				CLANG_ENABLE_OBJC_ARC = YES;
				CLANG_ENABLE_OBJC_WEAK = YES;
				CLANG_WARN_BLOCK_CAPTURE_AUTORELEASING = YES;
				CLANG_WARN_BOOL_CONVERSION = YES;
				CLANG_WARN_COMMA = YES;
				CLANG_WARN_CONSTANT_CONVERSION = YES;
				CLANG_WARN_DEPRECATED_OBJC_IMPLEMENTATIONS = YES;
				CLANG_WARN_DIRECT_OBJC_ISA_USAGE = YES_ERROR;
				CLANG_WARN_DOCUMENTATION_COMMENTS = YES;
				CLANG_WARN_EMPTY_BODY = YES;
				CLANG_WARN_ENUM_CONVERSION = YES;
				CLANG_WARN_INFINITE_RECURSION = YES;
				CLANG_WARN_INT_CONVERSION = YES;
				CLANG_WARN_NON_LITERAL_NULL_CONVERSION = YES;
				CLANG_WARN_OBJC_IMPLICIT_RETAIN_SELF = YES;
				CLANG_WARN_OBJC_LITERAL_CONVERSION = YES;
				CLANG_WARN_OBJC_ROOT_CLASS = YES_ERROR;
				CLANG_WARN_RANGE_LOOP_ANALYSIS = YES;
				CLANG_WARN_STRICT_PROTOTYPES = YES;
				CLANG_WARN_SUSPICIOUS_MOVE = YES;
				CLANG_WARN_UNGUARDED_AVAILABILITY = YES_AGGRESSIVE;
				CLANG_WARN_UNREACHABLE_CODE = YES;
				CLANG_WARN__DUPLICATE_METHOD_MATCH = YES;
				CODE_SIGN_IDENTITY = "iPhone Developer";
				COPY_PHASE_STRIP = NO;
				DEBUG_INFORMATION_FORMAT = "dwarf-with-dsym";
				ENABLE_NS_ASSERTIONS = NO;
				ENABLE_STRICT_OBJC_MSGSEND = YES;
				GCC_C_LANGUAGE_STANDARD = gnu11;
				GCC_NO_COMMON_BLOCKS = YES;
				GCC_WARN_64_TO_32_BIT_CONVERSION = YES;
				GCC_WARN_ABOUT_RETURN_TYPE = YES_ERROR;
				GCC_WARN_UNDECLARED_SELECTOR = YES;
				GCC_WARN_UNINITIALIZED_AUTOS = YES_AGGRESSIVE;
				GCC_WARN_UNUSED_FUNCTION = YES;
				GCC_WARN_UNUSED_VARIABLE = YES;
				IPHONEOS_DEPLOYMENT_TARGET = 11.4;
				MTL_ENABLE_DEBUG_INFO = NO;
				SDKROOT = iphoneos;
				SWIFT_COMPILATION_MODE = wholemodule;
				SWIFT_OPTIMIZATION_LEVEL = "-O";
				VALIDATE_PRODUCT = YES;
			};
			name = Release;
		};
		6BBE1DC420FC78940084490C /* Debug */ = {
			isa = XCBuildConfiguration;
			baseConfigurationReference = 7D8A6B1B8A677AF5A4F30420 /* Pods-eureka_test.debug.xcconfig */;
			buildSettings = {
				ASSETCATALOG_COMPILER_APPICON_NAME = AppIcon;
				CODE_SIGN_STYLE = Automatic;
				DEVELOPMENT_TEAM = 8KDJ9PT669;
				INFOPLIST_FILE = eureka_test/Info.plist;
				LD_RUNPATH_SEARCH_PATHS = (
					"$(inherited)",
					"@executable_path/Frameworks",
				);
				PRODUCT_BUNDLE_IDENTIFIER = "huy.dang.quoc.eureka-test";
				PRODUCT_NAME = "$(TARGET_NAME)";
				SWIFT_VERSION = 4.0;
				TARGETED_DEVICE_FAMILY = "1,2";
			};
			name = Debug;
		};
		6BBE1DC520FC78940084490C /* Release */ = {
			isa = XCBuildConfiguration;
			baseConfigurationReference = D9F9C3FA94E3E7FE3D6F24F7 /* Pods-eureka_test.release.xcconfig */;
			buildSettings = {
				ASSETCATALOG_COMPILER_APPICON_NAME = AppIcon;
				CODE_SIGN_STYLE = Automatic;
				DEVELOPMENT_TEAM = 8KDJ9PT669;
				INFOPLIST_FILE = eureka_test/Info.plist;
				LD_RUNPATH_SEARCH_PATHS = (
					"$(inherited)",
					"@executable_path/Frameworks",
				);
				PRODUCT_BUNDLE_IDENTIFIER = "huy.dang.quoc.eureka-test";
				PRODUCT_NAME = "$(TARGET_NAME)";
				SWIFT_VERSION = 4.0;
				TARGETED_DEVICE_FAMILY = "1,2";
			};
			name = Release;
		};
/* End XCBuildConfiguration section */

/* Begin XCConfigurationList section */
		6BBE1DAC20FC788E0084490C /* Build configuration list for PBXProject "eureka_test" */ = {
			isa = XCConfigurationList;
			buildConfigurations = (
				6BBE1DC120FC78940084490C /* Debug */,
				6BBE1DC220FC78940084490C /* Release */,
			);
			defaultConfigurationIsVisible = 0;
			defaultConfigurationName = Release;
		};
		6BBE1DC320FC78940084490C /* Build configuration list for PBXNativeTarget "eureka_test" */ = {
			isa = XCConfigurationList;
			buildConfigurations = (
				6BBE1DC420FC78940084490C /* Debug */,
				6BBE1DC520FC78940084490C /* Release */,
			);
			defaultConfigurationIsVisible = 0;
			defaultConfigurationName = Release;
		};
/* End XCConfigurationList section */
	};
	rootObject = 6BBE1DA920FC788E0084490C /* Project object */;
}
